
Microsoft Visual Studio Solution File, Format Version 12.00
# Visual Studio 14
VisualStudioVersion = 14.0.25420.1
MinimumVisualStudioVersion = 10.0.40219.1
Project("{2150E333-8FDC-42A3-9474-1A3956D46DE8}") = "POJ", "POJ", "{1BC11D18-D937-4838-8088-CB33BDD71F70}"
EndProject
Project("{8BC9CEB8-8B4A-11D0-8D11-00A0C91BC942}") = "1001", "D:\Work\021_C++\ACM\POJ\1001\1001.vcxproj", "{780B38EE-985A-4D11-82D8-E820AC423457}"
EndProject
Project("{2150E333-8FDC-42A3-9474-1A3956D46DE8}") = "SW", "SW", "{BC789185-9EC4-4078-8E32-E2DFC839BC60}"
EndProject
Project("{8BC9CEB8-8B4A-11D0-8D11-00A0C91BC942}") = "1000", "D:\Work\021_C++\ACM\SW\1000\1000.vcxproj", "{2B09DAD2-C09D-43F6-96E4-151688A30D9C}"
EndProject
Project("{8BC9CEB8-8B4A-11D0-8D11-00A0C91BC942}") = "1001", "D:\Work\021_C++\ACM\SW\1001\1001.vcxproj", "{10340BA3-4D15-4753-914A-607B5045C1CB}"
EndProject
Project("{8BC9CEB8-8B4A-11D0-8D11-00A0C91BC942}") = "1003", "D:\Work\021_C++\ACM\SW\1003\1003.vcxproj", "{AA1EFAA0-9DBF-4AC1-B9A2-B00B0C4B33CA}"
EndProject
Project("{8BC9CEB8-8B4A-11D0-8D11-00A0C91BC942}") = "暗号", "D:\Work\021_C++\ACM\SW\暗号\暗号.vcxproj", "{88868C64-0690-4952-8BCA-EB046223AB27}"
EndProject
Project("{8BC9CEB8-8B4A-11D0-8D11-00A0C91BC942}") = "产品", "D:\Work\021_C++\ACM\SW\产品\产品.vcxproj", "{E909ADF6-CA66-4081-BAD8-5A1F753BD060}"
EndProject
Project("{8BC9CEB8-8B4A-11D0-8D11-00A0C91BC942}") = "回文", "D:\Work\021_C++\ACM\SW\回文\回文.vcxproj", "{9305DAC7-8B05-4B5F-AB10-8D188AE0DF46}"
EndProject
Project("{8BC9CEB8-8B4A-11D0-8D11-00A0C91BC942}") = "垃圾", "D:\Work\021_C++\ACM\SW\垃圾\垃圾.vcxproj", "{D7762F8B-B2C4-4DDD-AD2C-E5D3424916FA}"
EndProject
Project("{8BC9CEB8-8B4A-11D0-8D11-00A0C91BC942}") = "兔子", "D:\Work\021_C++\ACM\SW\兔子\兔子.vcxproj", "{7D2563D6-96D2-4534-A6BF-2C5D77ACD0A6}"
EndProject
Project("{8BC9CEB8-8B4A-11D0-8D11-00A0C91BC942}") = "主教", "D:\Work\021_C++\ACM\SW\主教\主教.vcxproj", "{27F031DE-DE3C-4669-BFF1-BA9B7360020A}"
EndProject
Project("{2150E333-8FDC-42A3-9474-1A3956D46DE8}") = "算法", "算法", "{4AC40C97-7B5D-443F-AC10-ED191052C87F}"
EndProject
Project("{8BC9CEB8-8B4A-11D0-8D11-00A0C91BC942}") = "1001-递归", "D:\Work\021_C++\ACM\算法\1001\1001.vcxproj", "{73B249D7-E428-4600-AEF4-553ACB6DF371}"
EndProject
Project("{8BC9CEB8-8B4A-11D0-8D11-00A0C91BC942}") = "Test", "Test\Test.vcxproj", "{69EEAF3B-8B0E-446C-A518-1C40B5E8275C}"
EndProject
Global
	GlobalSection(SolutionConfigurationPlatforms) = preSolution
		Debug|x64 = Debug|x64
		Debug|x86 = Debug|x86
		Release|x64 = Release|x64
		Release|x86 = Release|x86
	EndGlobalSection
	GlobalSection(ProjectConfigurationPlatforms) = postSolution
		{780B38EE-985A-4D11-82D8-E820AC423457}.Debug|x64.ActiveCfg = Debug|x64
		{780B38EE-985A-4D11-82D8-E820AC423457}.Debug|x64.Build.0 = Debug|x64
		{780B38EE-985A-4D11-82D8-E820AC423457}.Debug|x86.ActiveCfg = Debug|Win32
		{780B38EE-985A-4D11-82D8-E820AC423457}.Debug|x86.Build.0 = Debug|Win32
		{780B38EE-985A-4D11-82D8-E820AC423457}.Release|x64.ActiveCfg = Release|x64
		{780B38EE-985A-4D11-82D8-E820AC423457}.Release|x64.Build.0 = Release|x64
		{780B38EE-985A-4D11-82D8-E820AC423457}.Release|x86.ActiveCfg = Release|Win32
		{780B38EE-985A-4D11-82D8-E820AC423457}.Release|x86.Build.0 = Release|Win32
		{2B09DAD2-C09D-43F6-96E4-151688A30D9C}.Debug|x64.ActiveCfg = Debug|x64
		{2B09DAD2-C09D-43F6-96E4-151688A30D9C}.Debug|x64.Build.0 = Debug|x64
		{2B09DAD2-C09D-43F6-96E4-151688A30D9C}.Debug|x86.ActiveCfg = Debug|Win32
		{2B09DAD2-C09D-43F6-96E4-151688A30D9C}.Debug|x86.Build.0 = Debug|Win32
		{2B09DAD2-C09D-43F6-96E4-151688A30D9C}.Release|x64.ActiveCfg = Release|x64
		{2B09DAD2-C09D-43F6-96E4-151688A30D9C}.Release|x64.Build.0 = Release|x64
		{2B09DAD2-C09D-43F6-96E4-151688A30D9C}.Release|x86.ActiveCfg = Release|Win32
		{2B09DAD2-C09D-43F6-96E4-151688A30D9C}.Release|x86.Build.0 = Release|Win32
		{10340BA3-4D15-4753-914A-607B5045C1CB}.Debug|x64.ActiveCfg = Debug|x64
		{10340BA3-4D15-4753-914A-607B5045C1CB}.Debug|x64.Build.0 = Debug|x64
		{10340BA3-4D15-4753-914A-607B5045C1CB}.Debug|x86.ActiveCfg = Debug|Win32
		{10340BA3-4D15-4753-914A-607B5045C1CB}.Debug|x86.Build.0 = Debug|Win32
		{10340BA3-4D15-4753-914A-607B5045C1CB}.Release|x64.ActiveCfg = Release|x64
		{10340BA3-4D15-4753-914A-607B5045C1CB}.Release|x64.Build.0 = Release|x64
		{10340BA3-4D15-4753-914A-607B5045C1CB}.Release|x86.ActiveCfg = Release|Win32
		{10340BA3-4D15-4753-914A-607B5045C1CB}.Release|x86.Build.0 = Release|Win32
		{AA1EFAA0-9DBF-4AC1-B9A2-B00B0C4B33CA}.Debug|x64.ActiveCfg = Debug|x64
		{AA1EFAA0-9DBF-4AC1-B9A2-B00B0C4B33CA}.Debug|x64.Build.0 = Debug|x64
		{AA1EFAA0-9DBF-4AC1-B9A2-B00B0C4B33CA}.Debug|x86.ActiveCfg = Debug|Win32
		{AA1EFAA0-9DBF-4AC1-B9A2-B00B0C4B33CA}.Debug|x86.Build.0 = Debug|Win32
		{AA1EFAA0-9DBF-4AC1-B9A2-B00B0C4B33CA}.Release|x64.ActiveCfg = Release|x64
		{AA1EFAA0-9DBF-4AC1-B9A2-B00B0C4B33CA}.Release|x64.Build.0 = Release|x64
		{AA1EFAA0-9DBF-4AC1-B9A2-B00B0C4B33CA}.Release|x86.ActiveCfg = Release|Win32
		{AA1EFAA0-9DBF-4AC1-B9A2-B00B0C4B33CA}.Release|x86.Build.0 = Release|Win32
		{88868C64-0690-4952-8BCA-EB046223AB27}.Debug|x64.ActiveCfg = Debug|x64
		{88868C64-0690-4952-8BCA-EB046223AB27}.Debug|x64.Build.0 = Debug|x64
		{88868C64-0690-4952-8BCA-EB046223AB27}.Debug|x86.ActiveCfg = Debug|Win32
		{88868C64-0690-4952-8BCA-EB046223AB27}.Debug|x86.Build.0 = Debug|Win32
		{88868C64-0690-4952-8BCA-EB046223AB27}.Release|x64.ActiveCfg = Release|x64
		{88868C64-0690-4952-8BCA-EB046223AB27}.Release|x64.Build.0 = Release|x64
		{88868C64-0690-4952-8BCA-EB046223AB27}.Release|x86.ActiveCfg = Release|Win32
		{88868C64-0690-4952-8BCA-EB046223AB27}.Release|x86.Build.0 = Release|Win32
		{E909ADF6-CA66-4081-BAD8-5A1F753BD060}.Debug|x64.ActiveCfg = Debug|x64
		{E909ADF6-CA66-4081-BAD8-5A1F753BD060}.Debug|x64.Build.0 = Debug|x64
		{E909ADF6-CA66-4081-BAD8-5A1F753BD060}.Debug|x86.ActiveCfg = Debug|Win32
		{E909ADF6-CA66-4081-BAD8-5A1F753BD060}.Debug|x86.Build.0 = Debug|Win32
		{E909ADF6-CA66-4081-BAD8-5A1F753BD060}.Release|x64.ActiveCfg = Release|x64
		{E909ADF6-CA66-4081-BAD8-5A1F753BD060}.Release|x64.Build.0 = Release|x64
		{E909ADF6-CA66-4081-BAD8-5A1F753BD060}.Release|x86.ActiveCfg = Release|Win32
		{E909ADF6-CA66-4081-BAD8-5A1F753BD060}.Release|x86.Build.0 = Release|Win32
		{9305DAC7-8B05-4B5F-AB10-8D188AE0DF46}.Debug|x64.ActiveCfg = Debug|x64
		{9305DAC7-8B05-4B5F-AB10-8D188AE0DF46}.Debug|x64.Build.0 = Debug|x64
		{9305DAC7-8B05-4B5F-AB10-8D188AE0DF46}.Debug|x86.ActiveCfg = Debug|Win32
		{9305DAC7-8B05-4B5F-AB10-8D188AE0DF46}.Debug|x86.Build.0 = Debug|Win32
		{9305DAC7-8B05-4B5F-AB10-8D188AE0DF46}.Release|x64.ActiveCfg = Release|x64
		{9305DAC7-8B05-4B5F-AB10-8D188AE0DF46}.Release|x64.Build.0 = Release|x64
		{9305DAC7-8B05-4B5F-AB10-8D188AE0DF46}.Release|x86.ActiveCfg = Release|Win32
		{9305DAC7-8B05-4B5F-AB10-8D188AE0DF46}.Release|x86.Build.0 = Release|Win32
		{D7762F8B-B2C4-4DDD-AD2C-E5D3424916FA}.Debug|x64.ActiveCfg = Debug|x64
		{D7762F8B-B2C4-4DDD-AD2C-E5D3424916FA}.Debug|x64.Build.0 = Debug|x64
		{D7762F8B-B2C4-4DDD-AD2C-E5D3424916FA}.Debug|x86.ActiveCfg = Debug|Win32
		{D7762F8B-B2C4-4DDD-AD2C-E5D3424916FA}.Debug|x86.Build.0 = Debug|Win32
		{D7762F8B-B2C4-4DDD-AD2C-E5D3424916FA}.Release|x64.ActiveCfg = Release|x64
		{D7762F8B-B2C4-4DDD-AD2C-E5D3424916FA}.Release|x64.Build.0 = Release|x64
		{D7762F8B-B2C4-4DDD-AD2C-E5D3424916FA}.Release|x86.ActiveCfg = Release|Win32
		{D7762F8B-B2C4-4DDD-AD2C-E5D3424916FA}.Release|x86.Build.0 = Release|Win32
		{7D2563D6-96D2-4534-A6BF-2C5D77ACD0A6}.Debug|x64.ActiveCfg = Debug|x64
		{7D2563D6-96D2-4534-A6BF-2C5D77ACD0A6}.Debug|x64.Build.0 = Debug|x64
		{7D2563D6-96D2-4534-A6BF-2C5D77ACD0A6}.Debug|x86.ActiveCfg = Debug|Win32
		{7D2563D6-96D2-4534-A6BF-2C5D77ACD0A6}.Debug|x86.Build.0 = Debug|Win32
		{7D2563D6-96D2-4534-A6BF-2C5D77ACD0A6}.Release|x64.ActiveCfg = Release|x64
		{7D2563D6-96D2-4534-A6BF-2C5D77ACD0A6}.Release|x64.Build.0 = Release|x64
		{7D2563D6-96D2-4534-A6BF-2C5D77ACD0A6}.Release|x86.ActiveCfg = Release|Win32
		{7D2563D6-96D2-4534-A6BF-2C5D77ACD0A6}.Release|x86.Build.0 = Release|Win32
		{27F031DE-DE3C-4669-BFF1-BA9B7360020A}.Debug|x64.ActiveCfg = Debug|x64
		{27F031DE-DE3C-4669-BFF1-BA9B7360020A}.Debug|x64.Build.0 = Debug|x64
		{27F031DE-DE3C-4669-BFF1-BA9B7360020A}.Debug|x86.ActiveCfg = Debug|Win32
		{27F031DE-DE3C-4669-BFF1-BA9B7360020A}.Debug|x86.Build.0 = Debug|Win32
		{27F031DE-DE3C-4669-BFF1-BA9B7360020A}.Release|x64.ActiveCfg = Release|x64
		{27F031DE-DE3C-4669-BFF1-BA9B7360020A}.Release|x64.Build.0 = Release|x64
		{27F031DE-DE3C-4669-BFF1-BA9B7360020A}.Release|x86.ActiveCfg = Release|Win32
		{27F031DE-DE3C-4669-BFF1-BA9B7360020A}.Release|x86.Build.0 = Release|Win32
		{73B249D7-E428-4600-AEF4-553ACB6DF371}.Debug|x64.ActiveCfg = Debug|x64
		{73B249D7-E428-4600-AEF4-553ACB6DF371}.Debug|x64.Build.0 = Debug|x64
		{73B249D7-E428-4600-AEF4-553ACB6DF371}.Debug|x86.ActiveCfg = Debug|Win32
		{73B249D7-E428-4600-AEF4-553ACB6DF371}.Debug|x86.Build.0 = Debug|Win32
		{73B249D7-E428-4600-AEF4-553ACB6DF371}.Release|x64.ActiveCfg = Release|x64
		{73B249D7-E428-4600-AEF4-553ACB6DF371}.Release|x64.Build.0 = Release|x64
		{73B249D7-E428-4600-AEF4-553ACB6DF371}.Release|x86.ActiveCfg = Release|Win32
		{73B249D7-E428-4600-AEF4-553ACB6DF371}.Release|x86.Build.0 = Release|Win32
		{69EEAF3B-8B0E-446C-A518-1C40B5E8275C}.Debug|x64.ActiveCfg = Debug|x64
		{69EEAF3B-8B0E-446C-A518-1C40B5E8275C}.Debug|x64.Build.0 = Debug|x64
		{69EEAF3B-8B0E-446C-A518-1C40B5E8275C}.Debug|x86.ActiveCfg = Debug|Win32
		{69EEAF3B-8B0E-446C-A518-1C40B5E8275C}.Debug|x86.Build.0 = Debug|Win32
		{69EEAF3B-8B0E-446C-A518-1C40B5E8275C}.Release|x64.ActiveCfg = Release|x64
		{69EEAF3B-8B0E-446C-A518-1C40B5E8275C}.Release|x64.Build.0 = Release|x64
		{69EEAF3B-8B0E-446C-A518-1C40B5E8275C}.Release|x86.ActiveCfg = Release|Win32
		{69EEAF3B-8B0E-446C-A518-1C40B5E8275C}.Release|x86.Build.0 = Release|Win32
	EndGlobalSection
	GlobalSection(SolutionProperties) = preSolution
		HideSolutionNode = FALSE
	EndGlobalSection
	GlobalSection(NestedProjects) = preSolution
		{780B38EE-985A-4D11-82D8-E820AC423457} = {1BC11D18-D937-4838-8088-CB33BDD71F70}
		{2B09DAD2-C09D-43F6-96E4-151688A30D9C} = {BC789185-9EC4-4078-8E32-E2DFC839BC60}
		{10340BA3-4D15-4753-914A-607B5045C1CB} = {BC789185-9EC4-4078-8E32-E2DFC839BC60}
		{AA1EFAA0-9DBF-4AC1-B9A2-B00B0C4B33CA} = {BC789185-9EC4-4078-8E32-E2DFC839BC60}
		{88868C64-0690-4952-8BCA-EB046223AB27} = {BC789185-9EC4-4078-8E32-E2DFC839BC60}
		{E909ADF6-CA66-4081-BAD8-5A1F753BD060} = {BC789185-9EC4-4078-8E32-E2DFC839BC60}
		{9305DAC7-8B05-4B5F-AB10-8D188AE0DF46} = {BC789185-9EC4-4078-8E32-E2DFC839BC60}
		{D7762F8B-B2C4-4DDD-AD2C-E5D3424916FA} = {BC789185-9EC4-4078-8E32-E2DFC839BC60}
		{7D2563D6-96D2-4534-A6BF-2C5D77ACD0A6} = {BC789185-9EC4-4078-8E32-E2DFC839BC60}
		{27F031DE-DE3C-4669-BFF1-BA9B7360020A} = {BC789185-9EC4-4078-8E32-E2DFC839BC60}
		{73B249D7-E428-4600-AEF4-553ACB6DF371} = {4AC40C97-7B5D-443F-AC10-ED191052C87F}
	EndGlobalSection
EndGlobal
